
Microsoft Visual Studio Solution File, Format Version 12.00
# Visual Studio Version 16
VisualStudioVersion = 16.0.30717.126
MinimumVisualStudioVersion = 10.0.40219.1
Project("{FAE04EC0-301F-11D3-BF4B-00C04F79EFBC}") = "WebStore", "WebStore\WebStore.csproj", "{8EB2779A-051B-4D21-AFA5-1AEEBCF983DB}"
EndProject
Global
	GlobalSection(SolutionConfigurationPlatforms) = preSolution
		Debug|Any CPU = Debug|Any CPU
		Release|Any CPU = Release|Any CPU
	EndGlobalSection
	GlobalSection(ProjectConfigurationPlatforms) = postSolution
		{8EB2779A-051B-4D21-AFA5-1AEEBCF983DB}.Debug|Any CPU.ActiveCfg = Debug|Any CPU
		{8EB2779A-051B-4D21-AFA5-1AEEBCF983DB}.Debug|Any CPU.Build.0 = Debug|Any CPU
		{8EB2779A-051B-4D21-AFA5-1AEEBCF983DB}.Release|Any CPU.ActiveCfg = Release|Any CPU
		{8EB2779A-051B-4D21-AFA5-1AEEBCF983DB}.Release|Any CPU.Build.0 = Release|Any CPU
	EndGlobalSection
	GlobalSection(SolutionProperties) = preSolution
		HideSolutionNode = FALSE
	EndGlobalSection
	GlobalSection(ExtensibilityGlobals) = postSolution
		SolutionGuid = {2791CF58-AA6E-4CF9-9491-90D095F46D00}
	EndGlobalSection
EndGlobal
